<?xml version="1.0" encoding="UTF-8" standalone="yes" ?>
<CodeBlocks_project_file>
	<FileVersion major="1" minor="6" />
	<Project>
		<Option title="Game" />
		<Option pch_mode="2" />
		<Option compiler="gcc" />
		<Option extended_obj_names="1" />
		<Build>
			<Target title="Debug">
				<Option output="Game" prefix_auto="1" extension_auto="1" />
				<Option object_output="../Game" />
				<Option type="1" />
				<Option compiler="gcc" />
				<Compiler>
					<Add option="-g" />
					<Add directory="include" />
				</Compiler>
			</Target>
			<Target title="Release">
				<Option output="bin/Release/Lesson01" prefix_auto="1" extension_auto="1" />
				<Option object_output="obj/Release/" />
				<Option type="0" />
				<Option compiler="gcc" />
				<Compiler>
					<Add option="-O2" />
					<Add directory="include" />
				</Compiler>
				<Linker>
					<Add option="-s" />
				</Linker>
			</Target>
		</Build>
		<Compiler>
			<Add option="-Wall" />
			<Add directory="../Common" />
			<Add directory="../Common/inc" />
		</Compiler>
		<Linker>
			<Add library="../Common/lib/libSOIL.a" />
			<Add library="opengl32" />
			<Add library="glu32" />
			<Add library="gdi32" />
			<Add library="../Common/lib/glut32.lib" />
		</Linker>
		<Unit filename="include/Bike.h" />
		<Unit filename="include/BoxCollider.h" />
		<Unit filename="include/Entity.h" />
		<Unit filename="include/GLLight.h" />
		<Unit filename="include/GLScene.h" />
		<Unit filename="include/Inputs.h" />
		<Unit filename="include/Model.h" />
		<Unit filename="include/ObjectHandler.h" />
		<Unit filename="include/Trail.h" />
		<Unit filename="include/Wall.h" />
		<Unit filename="include/parallax.h" />
		<Unit filename="include/player.h" />
		<Unit filename="include/randAI.h" />
		<Unit filename="include/skyBox.h" />
		<Unit filename="include/textureLoader.h" />
		<Unit filename="include/timer.h" />
		<Unit filename="main.cpp" />
		<Unit filename="src/Bike.cpp" />
		<Unit filename="src/BoxCollider.cpp" />
		<Unit filename="src/Entity.cpp" />
		<Unit filename="src/GLLight.cpp" />
		<Unit filename="src/GLScene.cpp" />
		<Unit filename="src/Inputs.cpp" />
		<Unit filename="src/Model.cpp" />
		<Unit filename="src/ObjectHandler.cpp" />
		<Unit filename="src/Trail.cpp" />
		<Unit filename="src/Wall.cpp" />
		<Unit filename="src/parallax.cpp" />
		<Unit filename="src/player.cpp" />
		<Unit filename="src/randAI.cpp" />
		<Unit filename="src/skyBox.cpp" />
		<Unit filename="src/textureLoader.cpp" />
		<Unit filename="src/timer.cpp" />
		<Extensions>
			<code_completion />
			<envvars />
			<debugger />
			<lib_finder disable_auto="1" />
		</Extensions>
	</Project>
</CodeBlocks_project_file>
